
Microsoft Visual Studio Solution File, Format Version 12.00
# Visual Studio Version 17
VisualStudioVersion = 17.14.36616.10
MinimumVisualStudioVersion = 10.0.40219.1
Project("{FAE04EC0-301F-11D3-BF4B-00C04F79EFBC}") = "AIAssistantAPI", "AIAssistantAPI.csproj", "{CE1B7D0E-0B70-4A90-A11E-14B1251A5F85}"
EndProject
Project("{FAE04EC0-301F-11D3-BF4B-00C04F79EFBC}") = "AIAssistantAPI.Common", "..\AIAssistantAPI.Common\AIAssistantAPI.Common.csproj", "{D7849559-F46C-4257-9552-5A981E55C3BC}"
EndProject
Project("{FAE04EC0-301F-11D3-BF4B-00C04F79EFBC}") = "AIAssistantAPI.Service", "..\AIAssistantAPI.Service\AIAssistantAPI.Service.csproj", "{C82EF8E4-AEED-46CB-889F-32413311E2CB}"
EndProject
Project("{FAE04EC0-301F-11D3-BF4B-00C04F79EFBC}") = "AIAssistantAPI.DataAccess", "..\AIAssistantAPI.DataAccess\AIAssistantAPI.DataAccess.csproj", "{6B525484-B719-6F4B-E276-DA87BBC8A91F}"
EndProject
Global
	GlobalSection(SolutionConfigurationPlatforms) = preSolution
		Debug|Any CPU = Debug|Any CPU
		Release|Any CPU = Release|Any CPU
	EndGlobalSection
	GlobalSection(ProjectConfigurationPlatforms) = postSolution
		{CE1B7D0E-0B70-4A90-A11E-14B1251A5F85}.Debug|Any CPU.ActiveCfg = Debug|Any CPU
		{CE1B7D0E-0B70-4A90-A11E-14B1251A5F85}.Debug|Any CPU.Build.0 = Debug|Any CPU
		{CE1B7D0E-0B70-4A90-A11E-14B1251A5F85}.Release|Any CPU.ActiveCfg = Release|Any CPU
		{CE1B7D0E-0B70-4A90-A11E-14B1251A5F85}.Release|Any CPU.Build.0 = Release|Any CPU
		{D7849559-F46C-4257-9552-5A981E55C3BC}.Debug|Any CPU.ActiveCfg = Debug|Any CPU
		{D7849559-F46C-4257-9552-5A981E55C3BC}.Debug|Any CPU.Build.0 = Debug|Any CPU
		{D7849559-F46C-4257-9552-5A981E55C3BC}.Release|Any CPU.ActiveCfg = Release|Any CPU
		{D7849559-F46C-4257-9552-5A981E55C3BC}.Release|Any CPU.Build.0 = Release|Any CPU
		{C82EF8E4-AEED-46CB-889F-32413311E2CB}.Debug|Any CPU.ActiveCfg = Debug|Any CPU
		{C82EF8E4-AEED-46CB-889F-32413311E2CB}.Debug|Any CPU.Build.0 = Debug|Any CPU
		{C82EF8E4-AEED-46CB-889F-32413311E2CB}.Release|Any CPU.ActiveCfg = Release|Any CPU
		{C82EF8E4-AEED-46CB-889F-32413311E2CB}.Release|Any CPU.Build.0 = Release|Any CPU
		{6B525484-B719-6F4B-E276-DA87BBC8A91F}.Debug|Any CPU.ActiveCfg = Debug|Any CPU
		{6B525484-B719-6F4B-E276-DA87BBC8A91F}.Debug|Any CPU.Build.0 = Debug|Any CPU
		{6B525484-B719-6F4B-E276-DA87BBC8A91F}.Release|Any CPU.ActiveCfg = Release|Any CPU
		{6B525484-B719-6F4B-E276-DA87BBC8A91F}.Release|Any CPU.Build.0 = Release|Any CPU
	EndGlobalSection
	GlobalSection(SolutionProperties) = preSolution
		HideSolutionNode = FALSE
	EndGlobalSection
	GlobalSection(ExtensibilityGlobals) = postSolution
		SolutionGuid = {B726DBE8-92E1-439E-976A-79971F90DA0A}
	EndGlobalSection
EndGlobal
